
Microsoft Visual Studio Solution File, Format Version 12.00
# Visual Studio Version 17
VisualStudioVersion = 17.2.32630.192
MinimumVisualStudioVersion = 10.0.40219.1
Project("{FAE04EC0-301F-11D3-BF4B-00C04F79EFBC}") = "Assignment 2", "Assignment 2\Assignment 2.csproj", "{3CA70F34-8DF7-46B4-AD6B-A0AC86E6A88C}"
EndProject
Global
	GlobalSection(SolutionConfigurationPlatforms) = preSolution
		Debug|Any CPU = Debug|Any CPU
		Release|Any CPU = Release|Any CPU
	EndGlobalSection
	GlobalSection(ProjectConfigurationPlatforms) = postSolution
		{3CA70F34-8DF7-46B4-AD6B-A0AC86E6A88C}.Debug|Any CPU.ActiveCfg = Debug|Any CPU
		{3CA70F34-8DF7-46B4-AD6B-A0AC86E6A88C}.Debug|Any CPU.Build.0 = Debug|Any CPU
		{3CA70F34-8DF7-46B4-AD6B-A0AC86E6A88C}.Release|Any CPU.ActiveCfg = Release|Any CPU
		{3CA70F34-8DF7-46B4-AD6B-A0AC86E6A88C}.Release|Any CPU.Build.0 = Release|Any CPU
	EndGlobalSection
	GlobalSection(SolutionProperties) = preSolution
		HideSolutionNode = FALSE
	EndGlobalSection
	GlobalSection(ExtensibilityGlobals) = postSolution
		SolutionGuid = {BD48CD9E-881F-4001-828E-0DADE45C28AD}
	EndGlobalSection
EndGlobal
